// !$*UTF8*$!
{
	archiveVersion = 1;
	classes = {
	};
	objectVersion = 46;
	objects = {

/* Begin PBXBuildFile section */
		ED0573E015D9B1A500566898 /* main.c in Sources */ = {isa = PBXBuildFile; fileRef = ED0573DF15D9B1A500566898 /* main.c */; };
		ED0573E215D9B1A500566898 /* MeanwhlieSocket.1 in CopyFiles */ = {isa = PBXBuildFile; fileRef = ED0573E115D9B1A500566898 /* MeanwhlieSocket.1 */; };
		ED0573E915D9B37C00566898 /* libmeanwhile.1.dylib in Frameworks */ = {isa = PBXBuildFile; fileRef = ED0573E815D9B37C00566898 /* libmeanwhile.1.dylib */; };
		EDB4360715DA049E00A87815 /* CoreFoundation.framework in Frameworks */ = {isa = PBXBuildFile; fileRef = EDB4360615DA049E00A87815 /* CoreFoundation.framework */; };
/* End PBXBuildFile section */

/* Begin PBXCopyFilesBuildPhase section */
		ED0573D915D9B1A500566898 /* CopyFiles */ = {
			isa = PBXCopyFilesBuildPhase;
			buildActionMask = 2147483647;
			dstPath = /usr/share/man/man1/;
			dstSubfolderSpec = 0;
			files = (
				ED0573E215D9B1A500566898 /* MeanwhlieSocket.1 in CopyFiles */,
			);
			runOnlyForDeploymentPostprocessing = 1;
		};
/* End PBXCopyFilesBuildPhase section */

/* Begin PBXFileReference section */
		ED0573DB15D9B1A500566898 /* MeanwhlieSocket */ = {isa = PBXFileReference; explicitFileType = "compiled.mach-o.executable"; includeInIndex = 0; path = MeanwhlieSocket; sourceTree = BUILT_PRODUCTS_DIR; };
		ED0573DF15D9B1A500566898 /* main.c */ = {isa = PBXFileReference; lastKnownFileType = sourcecode.c.c; path = main.c; sourceTree = "<group>"; };
		ED0573E115D9B1A500566898 /* MeanwhlieSocket.1 */ = {isa = PBXFileReference; lastKnownFileType = text.man; path = MeanwhlieSocket.1; sourceTree = "<group>"; };
		ED0573E815D9B37C00566898 /* libmeanwhile.1.dylib */ = {isa = PBXFileReference; lastKnownFileType = "compiled.mach-o.dylib"; name = libmeanwhile.1.dylib; path = ../../../../../../usr/local/lib/libmeanwhile.1.dylib; sourceTree = "<group>"; };
		EDB4360615DA049E00A87815 /* CoreFoundation.framework */ = {isa = PBXFileReference; lastKnownFileType = wrapper.framework; name = CoreFoundation.framework; path = System/Library/Frameworks/CoreFoundation.framework; sourceTree = SDKROOT; };
/* End PBXFileReference section */

/* Begin PBXFrameworksBuildPhase section */
		ED0573D815D9B1A500566898 /* Frameworks */ = {
			isa = PBXFrameworksBuildPhase;
			buildActionMask = 2147483647;
			files = (
				EDB4360715DA049E00A87815 /* CoreFoundation.framework in Frameworks */,
				ED0573E915D9B37C00566898 /* libmeanwhile.1.dylib in Frameworks */,
			);
			runOnlyForDeploymentPostprocessing = 0;
		};
/* End PBXFrameworksBuildPhase section */

/* Begin PBXGroup section */
		ED0573D015D9B1A500566898 = {
			isa = PBXGroup;
			children = (
				EDB4360615DA049E00A87815 /* CoreFoundation.framework */,
				ED0573E815D9B37C00566898 /* libmeanwhile.1.dylib */,
				ED0573DE15D9B1A500566898 /* MeanwhlieSocket */,
				ED0573DC15D9B1A500566898 /* Products */,
			);
			sourceTree = "<group>";
		};
		ED0573DC15D9B1A500566898 /* Products */ = {
			isa = PBXGroup;
			children = (
				ED0573DB15D9B1A500566898 /* MeanwhlieSocket */,
			);
			name = Products;
			sourceTree = "<group>";
		};
		ED0573DE15D9B1A500566898 /* MeanwhlieSocket */ = {
			isa = PBXGroup;
			children = (
				ED0573DF15D9B1A500566898 /* main.c */,
				ED0573E115D9B1A500566898 /* MeanwhlieSocket.1 */,
			);
			path = MeanwhlieSocket;
			sourceTree = "<group>";
		};
/* End PBXGroup section */

/* Begin PBXNativeTarget section */
		ED0573DA15D9B1A500566898 /* MeanwhlieSocket */ = {
			isa = PBXNativeTarget;
			buildConfigurationList = ED0573E515D9B1A500566898 /* Build configuration list for PBXNativeTarget "MeanwhlieSocket" */;
			buildPhases = (
				ED0573D715D9B1A500566898 /* Sources */,
				ED0573D815D9B1A500566898 /* Frameworks */,
				ED0573D915D9B1A500566898 /* CopyFiles */,
			);
			buildRules = (
			);
			dependencies = (
			);
			name = MeanwhlieSocket;
			productName = MeanwhlieSocket;
			productReference = ED0573DB15D9B1A500566898 /* MeanwhlieSocket */;
			productType = "com.apple.product-type.tool";
		};
/* End PBXNativeTarget section */

/* Begin PBXProject section */
		ED0573D215D9B1A500566898 /* Project object */ = {
			isa = PBXProject;
			attributes = {
				LastUpgradeCheck = 0440;
				ORGANIZATIONNAME = "Christopher Parker";
			};
			buildConfigurationList = ED0573D515D9B1A500566898 /* Build configuration list for PBXProject "MeanwhlieSocket" */;
			compatibilityVersion = "Xcode 3.2";
			developmentRegion = English;
			hasScannedForEncodings = 0;
			knownRegions = (
				en,
			);
			mainGroup = ED0573D015D9B1A500566898;
			productRefGroup = ED0573DC15D9B1A500566898 /* Products */;
			projectDirPath = "";
			projectRoot = "";
			targets = (
				ED0573DA15D9B1A500566898 /* MeanwhlieSocket */,
			);
		};
/* End PBXProject section */

/* Begin PBXSourcesBuildPhase section */
		ED0573D715D9B1A500566898 /* Sources */ = {
			isa = PBXSourcesBuildPhase;
			buildActionMask = 2147483647;
			files = (
				ED0573E015D9B1A500566898 /* main.c in Sources */,
			);
			runOnlyForDeploymentPostprocessing = 0;
		};
/* End PBXSourcesBuildPhase section */

/* Begin XCBuildConfiguration section */
		ED0573E315D9B1A500566898 /* Debug */ = {
			isa = XCBuildConfiguration;
			buildSettings = {
				ALWAYS_SEARCH_USER_PATHS = NO;
				ARCHS = "$(ARCHS_STANDARD_64_BIT)";
				CLANG_CXX_LANGUAGE_STANDARD = "gnu++0x";
				CLANG_ENABLE_OBJC_ARC = YES;
				CLANG_WARN__DUPLICATE_METHOD_MATCH = YES;
				COPY_PHASE_STRIP = NO;
				GCC_C_LANGUAGE_STANDARD = gnu99;
				GCC_DYNAMIC_NO_PIC = NO;
				GCC_ENABLE_OBJC_EXCEPTIONS = YES;
				GCC_OPTIMIZATION_LEVEL = 0;
				GCC_PREPROCESSOR_DEFINITIONS = (
					"DEBUG=1",
					"$(inherited)",
				);
				GCC_SYMBOLS_PRIVATE_EXTERN = NO;
				GCC_WARN_64_TO_32_BIT_CONVERSION = YES;
				GCC_WARN_ABOUT_RETURN_TYPE = YES;
				GCC_WARN_UNINITIALIZED_AUTOS = YES;
				GCC_WARN_UNUSED_VARIABLE = YES;
				MACOSX_DEPLOYMENT_TARGET = 10.8;
				ONLY_ACTIVE_ARCH = YES;
				SDKROOT = macosx;
			};
			name = Debug;
		};
		ED0573E415D9B1A500566898 /* Release */ = {
			isa = XCBuildConfiguration;
			buildSettings = {
				ALWAYS_SEARCH_USER_PATHS = NO;
				ARCHS = "$(ARCHS_STANDARD_64_BIT)";
				CLANG_CXX_LANGUAGE_STANDARD = "gnu++0x";
				CLANG_ENABLE_OBJC_ARC = YES;
				CLANG_WARN__DUPLICATE_METHOD_MATCH = YES;
				COPY_PHASE_STRIP = YES;
				DEBUG_INFORMATION_FORMAT = "dwarf-with-dsym";
				GCC_C_LANGUAGE_STANDARD = gnu99;
				GCC_ENABLE_OBJC_EXCEPTIONS = YES;
				GCC_WARN_64_TO_32_BIT_CONVERSION = YES;
				GCC_WARN_ABOUT_RETURN_TYPE = YES;
				GCC_WARN_UNINITIALIZED_AUTOS = YES;
				GCC_WARN_UNUSED_VARIABLE = YES;
				MACOSX_DEPLOYMENT_TARGET = 10.8;
				SDKROOT = macosx;
			};
			name = Release;
		};
		ED0573E615D9B1A500566898 /* Debug */ = {
			isa = XCBuildConfiguration;
			buildSettings = {
				HEADER_SEARCH_PATHS = (
					/usr/local/include/meanwhile,
					"/usr/local/lib/glib-2.0/include",
					"/usr/local/include/glib-2.0/gobject",
					"/usr/local/include/glib-2.0/gio",
					"/usr/local/include/glib-2.0",
					"/usr/local/include/glib-2.0/glib",
					/usr/local/include,
				);
				OTHER_LDFLAGS = (
					"-lglib-2.0",
					"-L/usr/local/lib",
				);
				PRODUCT_NAME = "$(TARGET_NAME)";
			};
			name = Debug;
		};
		ED0573E715D9B1A500566898 /* Release */ = {
			isa = XCBuildConfiguration;
			buildSettings = {
				HEADER_SEARCH_PATHS = (
					/usr/local/include/meanwhile,
					"/usr/local/lib/glib-2.0/include",
					"/usr/local/include/glib-2.0/gobject",
					"/usr/local/include/glib-2.0/gio",
					"/usr/local/include/glib-2.0",
					"/usr/local/include/glib-2.0/glib",
					/usr/local/include,
				);
				OTHER_LDFLAGS = (
					"-lglib-2.0",
					"-L/usr/local/lib",
				);
				PRODUCT_NAME = "$(TARGET_NAME)";
			};
			name = Release;
		};
/* End XCBuildConfiguration section */

/* Begin XCConfigurationList section */
		ED0573D515D9B1A500566898 /* Build configuration list for PBXProject "MeanwhlieSocket" */ = {
			isa = XCConfigurationList;
			buildConfigurations = (
				ED0573E315D9B1A500566898 /* Debug */,
				ED0573E415D9B1A500566898 /* Release */,
			);
			defaultConfigurationIsVisible = 0;
			defaultConfigurationName = Release;
		};
		ED0573E515D9B1A500566898 /* Build configuration list for PBXNativeTarget "MeanwhlieSocket" */ = {
			isa = XCConfigurationList;
			buildConfigurations = (
				ED0573E615D9B1A500566898 /* Debug */,
				ED0573E715D9B1A500566898 /* Release */,
			);
			defaultConfigurationIsVisible = 0;
			defaultConfigurationName = Release;
		};
/* End XCConfigurationList section */
	};
	rootObject = ED0573D215D9B1A500566898 /* Project object */;
}
